
Microsoft Visual Studio Solution File, Format Version 12.00
# Visual Studio 14
VisualStudioVersion = 14.0.25420.1
MinimumVisualStudioVersion = 10.0.40219.1
Project("{FAE04EC0-301F-11D3-BF4B-00C04F79EFBC}") = "VB.ReCaptcha", "VB.ReCaptcha\VB.ReCaptcha.csproj", "{49E81AB3-AC22-46D9-ABCF-B7D3B2CBE832}"
EndProject
Project("{FAE04EC0-301F-11D3-BF4B-00C04F79EFBC}") = "VB.ReCaptcha.MVC", "VB.ReCaptcha.MVC\VB.ReCaptcha.MVC.csproj", "{3D3EB071-D8AC-4475-9C51-BC0EF446EDCD}"
EndProject
Project("{FAE04EC0-301F-11D3-BF4B-00C04F79EFBC}") = "VB.ReCaptcha.Tests", "VB.ReCaptcha.Tests\VB.ReCaptcha.Tests.csproj", "{1604D684-808A-45E7-BD88-19EBDCB9501B}"
EndProject
Project("{2150E333-8FDC-42A3-9474-1A3956D46DE8}") = "Core", "Core", "{E2D6EC4E-F127-4376-A26D-2B9141365A72}"
EndProject
Project("{8BB2217D-0F2D-49D1-97BC-3654ED321F3B}") = "VB.ReCaptcha.Core", "VB.ReCaptcha.Core\VB.ReCaptcha.Core.xproj", "{C648F925-1EED-4A3E-9A3F-278EE255794D}"
EndProject
Project("{8BB2217D-0F2D-49D1-97BC-3654ED321F3B}") = "VB.ReCaptcha.Core.MVC", "VB.ReCaptcha.Core.MVC\VB.ReCaptcha.Core.MVC.xproj", "{302D3F40-BCC0-4F52-93E4-5D766CBFED1C}"
EndProject
Project("{2150E333-8FDC-42A3-9474-1A3956D46DE8}") = "Tests", "Tests", "{CD12D7E7-F736-40CE-AFEF-FFF1680EF16D}"
EndProject
Project("{2150E333-8FDC-42A3-9474-1A3956D46DE8}") = "Tests", "Tests", "{2B3A5066-D0E0-4F3E-82B6-8C3D0345D089}"
EndProject
Project("{8BB2217D-0F2D-49D1-97BC-3654ED321F3B}") = "VB.ReCaptcha.Core.Tests", "VB.ReCaptcha.Core.Tests\VB.ReCaptcha.Core.Tests.xproj", "{C8091A91-2615-4DBB-8384-01121B9AD35E}"
EndProject
Project("{FAE04EC0-301F-11D3-BF4B-00C04F79EFBC}") = "VB.ReCaptcha.MVC.Tests", "VB.ReCaptcha.MVC.Tests\VB.ReCaptcha.MVC.Tests.csproj", "{E0F85EDA-6701-4BA9-9DB7-D9AE4F6BFB66}"
EndProject
Project("{8BB2217D-0F2D-49D1-97BC-3654ED321F3B}") = "VB.ReCaptcha.Core.MVC.Tests", "VB.ReCaptcha.Core.MVC.Tests\VB.ReCaptcha.Core.MVC.Tests.xproj", "{E91C3E60-F27D-408D-8578-A753438846EF}"
EndProject
Global
	GlobalSection(SolutionConfigurationPlatforms) = preSolution
		Debug|Any CPU = Debug|Any CPU
		dotnet|Any CPU = dotnet|Any CPU
		net45|Any CPU = net45|Any CPU
		Release|Any CPU = Release|Any CPU
	EndGlobalSection
	GlobalSection(ProjectConfigurationPlatforms) = postSolution
		{49E81AB3-AC22-46D9-ABCF-B7D3B2CBE832}.Debug|Any CPU.ActiveCfg = Debug|Any CPU
		{49E81AB3-AC22-46D9-ABCF-B7D3B2CBE832}.Debug|Any CPU.Build.0 = Debug|Any CPU
		{49E81AB3-AC22-46D9-ABCF-B7D3B2CBE832}.dotnet|Any CPU.ActiveCfg = dotnet|Any CPU
		{49E81AB3-AC22-46D9-ABCF-B7D3B2CBE832}.net45|Any CPU.ActiveCfg = net45|Any CPU
		{49E81AB3-AC22-46D9-ABCF-B7D3B2CBE832}.net45|Any CPU.Build.0 = net45|Any CPU
		{49E81AB3-AC22-46D9-ABCF-B7D3B2CBE832}.Release|Any CPU.ActiveCfg = Release|Any CPU
		{49E81AB3-AC22-46D9-ABCF-B7D3B2CBE832}.Release|Any CPU.Build.0 = Release|Any CPU
		{3D3EB071-D8AC-4475-9C51-BC0EF446EDCD}.Debug|Any CPU.ActiveCfg = Debug|Any CPU
		{3D3EB071-D8AC-4475-9C51-BC0EF446EDCD}.Debug|Any CPU.Build.0 = Debug|Any CPU
		{3D3EB071-D8AC-4475-9C51-BC0EF446EDCD}.dotnet|Any CPU.ActiveCfg = dotnet|Any CPU
		{3D3EB071-D8AC-4475-9C51-BC0EF446EDCD}.net45|Any CPU.ActiveCfg = net45|Any CPU
		{3D3EB071-D8AC-4475-9C51-BC0EF446EDCD}.net45|Any CPU.Build.0 = net45|Any CPU
		{3D3EB071-D8AC-4475-9C51-BC0EF446EDCD}.Release|Any CPU.ActiveCfg = Release|Any CPU
		{3D3EB071-D8AC-4475-9C51-BC0EF446EDCD}.Release|Any CPU.Build.0 = Release|Any CPU
		{1604D684-808A-45E7-BD88-19EBDCB9501B}.Debug|Any CPU.ActiveCfg = Debug|Any CPU
		{1604D684-808A-45E7-BD88-19EBDCB9501B}.Debug|Any CPU.Build.0 = Debug|Any CPU
		{1604D684-808A-45E7-BD88-19EBDCB9501B}.dotnet|Any CPU.ActiveCfg = dotnet|Any CPU
		{1604D684-808A-45E7-BD88-19EBDCB9501B}.net45|Any CPU.ActiveCfg = net45|Any CPU
		{1604D684-808A-45E7-BD88-19EBDCB9501B}.net45|Any CPU.Build.0 = net45|Any CPU
		{1604D684-808A-45E7-BD88-19EBDCB9501B}.Release|Any CPU.ActiveCfg = Release|Any CPU
		{1604D684-808A-45E7-BD88-19EBDCB9501B}.Release|Any CPU.Build.0 = Release|Any CPU
		{C648F925-1EED-4A3E-9A3F-278EE255794D}.Debug|Any CPU.ActiveCfg = Debug|Any CPU
		{C648F925-1EED-4A3E-9A3F-278EE255794D}.Debug|Any CPU.Build.0 = Debug|Any CPU
		{C648F925-1EED-4A3E-9A3F-278EE255794D}.dotnet|Any CPU.ActiveCfg = dotnet|Any CPU
		{C648F925-1EED-4A3E-9A3F-278EE255794D}.dotnet|Any CPU.Build.0 = dotnet|Any CPU
		{C648F925-1EED-4A3E-9A3F-278EE255794D}.net45|Any CPU.ActiveCfg = net45|Any CPU
		{C648F925-1EED-4A3E-9A3F-278EE255794D}.Release|Any CPU.ActiveCfg = Release|Any CPU
		{C648F925-1EED-4A3E-9A3F-278EE255794D}.Release|Any CPU.Build.0 = Release|Any CPU
		{302D3F40-BCC0-4F52-93E4-5D766CBFED1C}.Debug|Any CPU.ActiveCfg = Debug|Any CPU
		{302D3F40-BCC0-4F52-93E4-5D766CBFED1C}.Debug|Any CPU.Build.0 = Debug|Any CPU
		{302D3F40-BCC0-4F52-93E4-5D766CBFED1C}.dotnet|Any CPU.ActiveCfg = dotnet|Any CPU
		{302D3F40-BCC0-4F52-93E4-5D766CBFED1C}.dotnet|Any CPU.Build.0 = dotnet|Any CPU
		{302D3F40-BCC0-4F52-93E4-5D766CBFED1C}.net45|Any CPU.ActiveCfg = net45|Any CPU
		{302D3F40-BCC0-4F52-93E4-5D766CBFED1C}.Release|Any CPU.ActiveCfg = Release|Any CPU
		{302D3F40-BCC0-4F52-93E4-5D766CBFED1C}.Release|Any CPU.Build.0 = Release|Any CPU
		{C8091A91-2615-4DBB-8384-01121B9AD35E}.Debug|Any CPU.ActiveCfg = Debug|Any CPU
		{C8091A91-2615-4DBB-8384-01121B9AD35E}.Debug|Any CPU.Build.0 = Debug|Any CPU
		{C8091A91-2615-4DBB-8384-01121B9AD35E}.dotnet|Any CPU.ActiveCfg = dotnet|Any CPU
		{C8091A91-2615-4DBB-8384-01121B9AD35E}.dotnet|Any CPU.Build.0 = dotnet|Any CPU
		{C8091A91-2615-4DBB-8384-01121B9AD35E}.net45|Any CPU.ActiveCfg = net45|Any CPU
		{C8091A91-2615-4DBB-8384-01121B9AD35E}.Release|Any CPU.ActiveCfg = Release|Any CPU
		{C8091A91-2615-4DBB-8384-01121B9AD35E}.Release|Any CPU.Build.0 = Release|Any CPU
		{E0F85EDA-6701-4BA9-9DB7-D9AE4F6BFB66}.Debug|Any CPU.ActiveCfg = Debug|Any CPU
		{E0F85EDA-6701-4BA9-9DB7-D9AE4F6BFB66}.Debug|Any CPU.Build.0 = Debug|Any CPU
		{E0F85EDA-6701-4BA9-9DB7-D9AE4F6BFB66}.dotnet|Any CPU.ActiveCfg = dotnet|Any CPU
		{E0F85EDA-6701-4BA9-9DB7-D9AE4F6BFB66}.net45|Any CPU.ActiveCfg = net45|Any CPU
		{E0F85EDA-6701-4BA9-9DB7-D9AE4F6BFB66}.net45|Any CPU.Build.0 = net45|Any CPU
		{E0F85EDA-6701-4BA9-9DB7-D9AE4F6BFB66}.Release|Any CPU.ActiveCfg = Release|Any CPU
		{E0F85EDA-6701-4BA9-9DB7-D9AE4F6BFB66}.Release|Any CPU.Build.0 = Release|Any CPU
		{E91C3E60-F27D-408D-8578-A753438846EF}.Debug|Any CPU.ActiveCfg = Debug|Any CPU
		{E91C3E60-F27D-408D-8578-A753438846EF}.Debug|Any CPU.Build.0 = Debug|Any CPU
		{E91C3E60-F27D-408D-8578-A753438846EF}.dotnet|Any CPU.ActiveCfg = dotnet|Any CPU
		{E91C3E60-F27D-408D-8578-A753438846EF}.dotnet|Any CPU.Build.0 = dotnet|Any CPU
		{E91C3E60-F27D-408D-8578-A753438846EF}.net45|Any CPU.ActiveCfg = net45|Any CPU
		{E91C3E60-F27D-408D-8578-A753438846EF}.Release|Any CPU.ActiveCfg = Release|Any CPU
		{E91C3E60-F27D-408D-8578-A753438846EF}.Release|Any CPU.Build.0 = Release|Any CPU
	EndGlobalSection
	GlobalSection(SolutionProperties) = preSolution
		HideSolutionNode = FALSE
	EndGlobalSection
	GlobalSection(NestedProjects) = preSolution
		{1604D684-808A-45E7-BD88-19EBDCB9501B} = {CD12D7E7-F736-40CE-AFEF-FFF1680EF16D}
		{C648F925-1EED-4A3E-9A3F-278EE255794D} = {E2D6EC4E-F127-4376-A26D-2B9141365A72}
		{302D3F40-BCC0-4F52-93E4-5D766CBFED1C} = {E2D6EC4E-F127-4376-A26D-2B9141365A72}
		{2B3A5066-D0E0-4F3E-82B6-8C3D0345D089} = {E2D6EC4E-F127-4376-A26D-2B9141365A72}
		{C8091A91-2615-4DBB-8384-01121B9AD35E} = {2B3A5066-D0E0-4F3E-82B6-8C3D0345D089}
		{E0F85EDA-6701-4BA9-9DB7-D9AE4F6BFB66} = {CD12D7E7-F736-40CE-AFEF-FFF1680EF16D}
		{E91C3E60-F27D-408D-8578-A753438846EF} = {2B3A5066-D0E0-4F3E-82B6-8C3D0345D089}
	EndGlobalSection
EndGlobal
